
Microsoft Visual Studio Solution File, Format Version 12.00
# Visual Studio Version 17
VisualStudioVersion = 17.7.34031.279
MinimumVisualStudioVersion = 10.0.40219.1
Project("{FAE04EC0-301F-11D3-BF4B-00C04F79EFBC}") = "Pikulator", "Pikulator\Pikulator.csproj", "{11D43870-4CE8-461A-A3B4-816253EA6763}"
EndProject
Global
	GlobalSection(SolutionConfigurationPlatforms) = preSolution
		Debug|Any CPU = Debug|Any CPU
		Release|Any CPU = Release|Any CPU
	EndGlobalSection
	GlobalSection(ProjectConfigurationPlatforms) = postSolution
		{11D43870-4CE8-461A-A3B4-816253EA6763}.Debug|Any CPU.ActiveCfg = Debug|Any CPU
		{11D43870-4CE8-461A-A3B4-816253EA6763}.Debug|Any CPU.Build.0 = Debug|Any CPU
		{11D43870-4CE8-461A-A3B4-816253EA6763}.Release|Any CPU.ActiveCfg = Release|Any CPU
		{11D43870-4CE8-461A-A3B4-816253EA6763}.Release|Any CPU.Build.0 = Release|Any CPU
	EndGlobalSection
	GlobalSection(SolutionProperties) = preSolution
		HideSolutionNode = FALSE
	EndGlobalSection
	GlobalSection(ExtensibilityGlobals) = postSolution
		SolutionGuid = {47E67F2B-C195-4678-A5AB-B00836217F05}
	EndGlobalSection
EndGlobal
